<Solution>
  <Folder Name="/docs/">
    <File Path="../../docs/gemini-original-plan.md" />
  </Folder>
  <Project Path="QCSingleTrack.Api/QCSingleTrack.Api.csproj" />
  <Project Path="QCSingleTrack.Application/QCSingleTrack.Application.csproj" />
  <Project Path="QCSingleTrack.Domain/QCSingleTrack.Domain.csproj" />
  <Project Path="QCSingleTrack.Infrastructure.Data/QCSingleTrack.Infrastructure.Data.csproj" />
  <Project Path="QCSingleTrack.TrailStatusScraperFn/QCSingleTrack.TrailStatusScraperFn.csproj" Id="f478dc54-1ae2-4928-87ce-c9d00e671a82" />
</Solution>
